{
  "name": "d2_2026-d2_2026-6fd5891f593d",
  "lockfileVersion": 3,
  "requires": true,
  "packages": {
    "": {
      "dependencies": {
        "@schedule-x/calendar": "^4.5.0",
        "@schedule-x/theme-default": "^4.5.0",
        "temporal-polyfill": "^0.3.2"
      }
    },
    "node_modules/@preact/signals": {
      "version": "2.9.0",
      "resolved": "https://registry.npmjs.org/@preact/signals/-/signals-2.9.0.tgz",
      "integrity": "sha512-hYrY0KyUqkDgOl1qba/JGn6y81pXnurn21PMaxfcMwdncdZ3M/oVdmpTvEnsGjh48dIwDVc7bjWHqIsngSjYug==",
      "license": "MIT",
      "peer": true,
      "dependencies": {
        "@preact/signals-core": "^1.14.0"
      },
      "funding": {
        "type": "opencollective",
        "url": "https://opencollective.com/preact"
      },
      "peerDependencies": {
        "preact": ">= 10.25.0 || >=11.0.0-0"
      }
    },
    "node_modules/@preact/signals-core": {
      "version": "1.14.1",
      "resolved": "https://registry.npmjs.org/@preact/signals-core/-/signals-core-1.14.1.tgz",
      "integrity": "sha512-vxPpfXqrwUe9lpjqfYNjAF/0RF/eFGeLgdJzdmIIZjpOnTmGmAB4BjWone562mJGMRP4frU6iZ6ei3PDsu52Ng==",
      "license": "MIT",
      "peer": true,
      "funding": {
        "type": "opencollective",
        "url": "https://opencollective.com/preact"
      }
    },
    "node_modules/@schedule-x/calendar": {
      "version": "4.5.0",
      "resolved": "https://registry.npmjs.org/@schedule-x/calendar/-/calendar-4.5.0.tgz",
      "integrity": "sha512-KEDtvder+nOLuHv0yWKvNBbJBsvxfBdbL/p1ZwX86sjC63Mp6u3zZt73a6V1a+8DbFSnBQpa+cReIUO3zjf7/A==",
      "license": "MIT",
      "peerDependencies": {
        "@preact/signals": "^2.0.2",
        "preact": "^10.19.2",
        "temporal-polyfill": "0.3.0"
      }
    },
    "node_modules/@schedule-x/theme-default": {
      "version": "4.5.0",
      "resolved": "https://registry.npmjs.org/@schedule-x/theme-default/-/theme-default-4.5.0.tgz",
      "integrity": "sha512-T+OvouoRUPKpR2weZlt/7EvUEjMRmmQeZVfWMnKykoSWuZ2w+ypBncplXuf6mstio+ty2Mx3X/rThr1iJB7XXw==",
      "license": "MIT"
    },
    "node_modules/preact": {
      "version": "10.29.1",
      "resolved": "https://registry.npmjs.org/preact/-/preact-10.29.1.tgz",
      "integrity": "sha512-gQCLc/vWroE8lIpleXtdJhTFDogTdZG9AjMUpVkDf2iTCNwYNWA+u16dL41TqUDJO4gm2IgrcMv3uTpjd4Pwmg==",
      "license": "MIT",
      "peer": true,
      "funding": {
        "type": "opencollective",
        "url": "https://opencollective.com/preact"
      }
    },
    "node_modules/temporal-polyfill": {
      "version": "0.3.2",
      "resolved": "https://registry.npmjs.org/temporal-polyfill/-/temporal-polyfill-0.3.2.tgz",
      "integrity": "sha512-TzHthD/heRK947GNiSu3Y5gSPpeUDH34+LESnfsq8bqpFhsB79HFBX8+Z834IVX68P3EUyRPZK5bL/1fh437Eg==",
      "license": "MIT",
      "dependencies": {
        "temporal-spec": "0.3.1"
      }
    },
    "node_modules/temporal-spec": {
      "version": "0.3.1",
      "resolved": "https://registry.npmjs.org/temporal-spec/-/temporal-spec-0.3.1.tgz",
      "integrity": "sha512-B4TUhezh9knfSIMwt7RVggApDRJZo73uZdj8AacL2mZ8RP5KtLianh2MXxL06GN9ESYiIsiuoLQhgVfwe55Yhw==",
      "license": "ISC"
    }
  }
}
